
Microsoft Visual Studio Solution File, Format Version 12.00
# Visual Studio Version 16
VisualStudioVersion = 16.0.34114.132
MinimumVisualStudioVersion = 10.0.40219.1
Project("{FAE04EC0-301F-11D3-BF4B-00C04F79EFBC}") = "WPF_picture_editor", "WPF_picture_editor\WPF_picture_editor.csproj", "{FFDFB506-A720-4E72-A083-F82A0258440C}"
EndProject
Global
	GlobalSection(SolutionConfigurationPlatforms) = preSolution
		Debug|Any CPU = Debug|Any CPU
		Release|Any CPU = Release|Any CPU
	EndGlobalSection
	GlobalSection(ProjectConfigurationPlatforms) = postSolution
		{FFDFB506-A720-4E72-A083-F82A0258440C}.Debug|Any CPU.ActiveCfg = Debug|Any CPU
		{FFDFB506-A720-4E72-A083-F82A0258440C}.Debug|Any CPU.Build.0 = Debug|Any CPU
		{FFDFB506-A720-4E72-A083-F82A0258440C}.Release|Any CPU.ActiveCfg = Release|Any CPU
		{FFDFB506-A720-4E72-A083-F82A0258440C}.Release|Any CPU.Build.0 = Release|Any CPU
	EndGlobalSection
	GlobalSection(SolutionProperties) = preSolution
		HideSolutionNode = FALSE
	EndGlobalSection
	GlobalSection(ExtensibilityGlobals) = postSolution
		SolutionGuid = {4BE3E578-F2CC-4693-ABE7-50B6C3759061}
	EndGlobalSection
EndGlobal
